{
  "name": "apimovies",
  "version": "1.0.0",
  "lockfileVersion": 1,
  "requires": true,
  "dependencies": {
    "@types/uniqid": {
      "version": "5.2.0",
      "resolved": "https://registry.npmjs.org/@types/uniqid/-/uniqid-5.2.0.tgz",
      "integrity": "sha512-ZBIIQJj0y49rgMfWDEr3miyNhOxyfhvf5/1VVbLObJpfkdGl0Vj2J8qENWwfT2W9OBq5FhwtnJ3nTs2dnY3w2A=="
    },
    "typescript": {
      "version": "4.1.2",
      "resolved": "https://registry.npmjs.org/typescript/-/typescript-4.1.2.tgz",
      "integrity": "sha512-thGloWsGH3SOxv1SoY7QojKi0tc+8FnOmiarEGMbd/lar7QOEd3hvlx3Fp5y6FlDUGl9L+pd4n2e+oToGMmhRQ==",
      "dev": true
    },
    "uniqid": {
      "version": "5.2.0",
      "resolved": "https://registry.npmjs.org/uniqid/-/uniqid-5.2.0.tgz",
      "integrity": "sha512-LH8zsvwJ/GL6YtNfSOmMCrI9piraAUjBfw2MCvleNE6a4pVKJwXjG2+HWhkVeFcSg+nmaPKbMrMOoxwQluZ1Mg==",
      "dev": true
    }
  }
}
